
Microsoft Visual Studio Solution File, Format Version 12.00
# Visual Studio Version 16
VisualStudioVersion = 16.0.30114.105
MinimumVisualStudioVersion = 10.0.40219.1
Project("{2150E333-8FDC-42A3-9474-1A3956D46DE8}") = "src", "src", "{FD87EA73-7B48-4543-87E7-490A91980493}"
EndProject
Project("{2150E333-8FDC-42A3-9474-1A3956D46DE8}") = "services", "services", "{5DBD1C9C-44B1-4F52-A9FF-EB8B89D9E726}"
EndProject
Project("{2150E333-8FDC-42A3-9474-1A3956D46DE8}") = "Identidade", "Identidade", "{CCB19181-1303-4CB0-B324-3965CE3C54B1}"
EndProject
Project("{FAE04EC0-301F-11D3-BF4B-00C04F79EFBC}") = "NSE.Identidade.API", "src\services\Identidade\NSE.Identidade.API\NSE.Identidade.API.csproj", "{726E2F99-FA1C-4D65-90BE-C2C572135B88}"
EndProject
Project("{2150E333-8FDC-42A3-9474-1A3956D46DE8}") = "web", "web", "{4D6D4CF8-4428-4A66-884B-D01007E61287}"
EndProject
Project("{2150E333-8FDC-42A3-9474-1A3956D46DE8}") = "MVC", "MVC", "{62002733-287B-4459-9FD0-206F29CE8561}"
EndProject
Project("{FAE04EC0-301F-11D3-BF4B-00C04F79EFBC}") = "NSE.WebApp.MVC", "src\web\MVC\NSE.WebApp.MVC\NSE.WebApp.MVC.csproj", "{BDA37E8D-B619-4BE1-B820-A10236A32545}"
EndProject
Project("{2150E333-8FDC-42A3-9474-1A3956D46DE8}") = "building blocks", "building blocks", "{BB020D16-7117-4788-B437-3A67417F0CC4}"
EndProject
Project("{2150E333-8FDC-42A3-9474-1A3956D46DE8}") = "Core", "Core", "{DD0E313D-5EF5-4E13-8275-6C082B681759}"
EndProject
Project("{FAE04EC0-301F-11D3-BF4B-00C04F79EFBC}") = "NSE.Core", "src\building blocks\Core\NSE.Core\NSE.Core.csproj", "{45A616AB-7F71-4730-BE53-A1CB46CBB4F6}"
EndProject
Project("{2150E333-8FDC-42A3-9474-1A3956D46DE8}") = "Carrinho", "Carrinho", "{3F0D5D3D-F275-4EC3-97EC-C6538893C4F0}"
EndProject
Project("{FAE04EC0-301F-11D3-BF4B-00C04F79EFBC}") = "NSE.Carrinho.API", "src\services\Carrinho\NSE.Carrinho.API\NSE.Carrinho.API.csproj", "{84B018C6-4122-47BE-8FE9-EFC4C54D0E48}"
EndProject
Project("{2150E333-8FDC-42A3-9474-1A3956D46DE8}") = "Catalogo", "Catalogo", "{C6F4E62D-0D63-40B5-98D1-BBBE08A341EB}"
EndProject
Project("{FAE04EC0-301F-11D3-BF4B-00C04F79EFBC}") = "NSE.Catalogo.API", "src\services\Catalogo\NSE.Catalogo.API\NSE.Catalogo.API.csproj", "{3EEB4100-F87D-40AE-B097-A2CBA7C8D3AA}"
EndProject
Project("{2150E333-8FDC-42A3-9474-1A3956D46DE8}") = "Cliente", "Cliente", "{F51BD827-01F1-4938-BF3E-96B92D70E095}"
EndProject
Project("{FAE04EC0-301F-11D3-BF4B-00C04F79EFBC}") = "NSE.Cliente.API", "src\services\Cliente\NSE.Cliente.API\NSE.Cliente.API.csproj", "{9B4D282A-6957-4060-8119-05B131A01FBD}"
EndProject
Project("{2150E333-8FDC-42A3-9474-1A3956D46DE8}") = "Pagamento", "Pagamento", "{70881F2A-0808-41B2-8D25-A49C1B287EBE}"
EndProject
Project("{FAE04EC0-301F-11D3-BF4B-00C04F79EFBC}") = "NSE.Pagamento.API", "src\services\Pagamento\NSE.Pagamento.API\NSE.Pagamento.API.csproj", "{B8297BB7-346B-419F-BE7D-1FA60C6F82CB}"
EndProject
Project("{2150E333-8FDC-42A3-9474-1A3956D46DE8}") = "Pedido", "Pedido", "{4F54F9FB-9BDD-41F3-9A82-D1C4482A616A}"
EndProject
Project("{FAE04EC0-301F-11D3-BF4B-00C04F79EFBC}") = "NSE.Pedido.API", "src\services\Pedido\NSE.Pedido.API\NSE.Pedido.API.csproj", "{41DFABDF-EA23-4B81-9A18-218761DE3F15}"
EndProject
Project("{FAE04EC0-301F-11D3-BF4B-00C04F79EFBC}") = "NSE.WebAPI.Core", "src\building blocks\Core\NSE.WebAPI.Core\NSE.WebAPI.Core.csproj", "{C444818F-4D28-4AF0-9DEB-12836FF684D0}"
EndProject
Global
	GlobalSection(SolutionConfigurationPlatforms) = preSolution
		Debug|Any CPU = Debug|Any CPU
		Release|Any CPU = Release|Any CPU
	EndGlobalSection
	GlobalSection(SolutionProperties) = preSolution
		HideSolutionNode = FALSE
	EndGlobalSection
	GlobalSection(ProjectConfigurationPlatforms) = postSolution
		{726E2F99-FA1C-4D65-90BE-C2C572135B88}.Debug|Any CPU.ActiveCfg = Debug|Any CPU
		{726E2F99-FA1C-4D65-90BE-C2C572135B88}.Debug|Any CPU.Build.0 = Debug|Any CPU
		{726E2F99-FA1C-4D65-90BE-C2C572135B88}.Release|Any CPU.ActiveCfg = Release|Any CPU
		{726E2F99-FA1C-4D65-90BE-C2C572135B88}.Release|Any CPU.Build.0 = Release|Any CPU
		{BDA37E8D-B619-4BE1-B820-A10236A32545}.Debug|Any CPU.ActiveCfg = Debug|Any CPU
		{BDA37E8D-B619-4BE1-B820-A10236A32545}.Debug|Any CPU.Build.0 = Debug|Any CPU
		{BDA37E8D-B619-4BE1-B820-A10236A32545}.Release|Any CPU.ActiveCfg = Release|Any CPU
		{BDA37E8D-B619-4BE1-B820-A10236A32545}.Release|Any CPU.Build.0 = Release|Any CPU
		{45A616AB-7F71-4730-BE53-A1CB46CBB4F6}.Debug|Any CPU.ActiveCfg = Debug|Any CPU
		{45A616AB-7F71-4730-BE53-A1CB46CBB4F6}.Debug|Any CPU.Build.0 = Debug|Any CPU
		{45A616AB-7F71-4730-BE53-A1CB46CBB4F6}.Release|Any CPU.ActiveCfg = Release|Any CPU
		{45A616AB-7F71-4730-BE53-A1CB46CBB4F6}.Release|Any CPU.Build.0 = Release|Any CPU
		{84B018C6-4122-47BE-8FE9-EFC4C54D0E48}.Debug|Any CPU.ActiveCfg = Debug|Any CPU
		{84B018C6-4122-47BE-8FE9-EFC4C54D0E48}.Debug|Any CPU.Build.0 = Debug|Any CPU
		{84B018C6-4122-47BE-8FE9-EFC4C54D0E48}.Release|Any CPU.ActiveCfg = Release|Any CPU
		{84B018C6-4122-47BE-8FE9-EFC4C54D0E48}.Release|Any CPU.Build.0 = Release|Any CPU
		{3EEB4100-F87D-40AE-B097-A2CBA7C8D3AA}.Debug|Any CPU.ActiveCfg = Debug|Any CPU
		{3EEB4100-F87D-40AE-B097-A2CBA7C8D3AA}.Debug|Any CPU.Build.0 = Debug|Any CPU
		{3EEB4100-F87D-40AE-B097-A2CBA7C8D3AA}.Release|Any CPU.ActiveCfg = Release|Any CPU
		{3EEB4100-F87D-40AE-B097-A2CBA7C8D3AA}.Release|Any CPU.Build.0 = Release|Any CPU
		{9B4D282A-6957-4060-8119-05B131A01FBD}.Debug|Any CPU.ActiveCfg = Debug|Any CPU
		{9B4D282A-6957-4060-8119-05B131A01FBD}.Debug|Any CPU.Build.0 = Debug|Any CPU
		{9B4D282A-6957-4060-8119-05B131A01FBD}.Release|Any CPU.ActiveCfg = Release|Any CPU
		{9B4D282A-6957-4060-8119-05B131A01FBD}.Release|Any CPU.Build.0 = Release|Any CPU
		{B8297BB7-346B-419F-BE7D-1FA60C6F82CB}.Debug|Any CPU.ActiveCfg = Debug|Any CPU
		{B8297BB7-346B-419F-BE7D-1FA60C6F82CB}.Debug|Any CPU.Build.0 = Debug|Any CPU
		{B8297BB7-346B-419F-BE7D-1FA60C6F82CB}.Release|Any CPU.ActiveCfg = Release|Any CPU
		{B8297BB7-346B-419F-BE7D-1FA60C6F82CB}.Release|Any CPU.Build.0 = Release|Any CPU
		{41DFABDF-EA23-4B81-9A18-218761DE3F15}.Debug|Any CPU.ActiveCfg = Debug|Any CPU
		{41DFABDF-EA23-4B81-9A18-218761DE3F15}.Debug|Any CPU.Build.0 = Debug|Any CPU
		{41DFABDF-EA23-4B81-9A18-218761DE3F15}.Release|Any CPU.ActiveCfg = Release|Any CPU
		{41DFABDF-EA23-4B81-9A18-218761DE3F15}.Release|Any CPU.Build.0 = Release|Any CPU
		{C444818F-4D28-4AF0-9DEB-12836FF684D0}.Debug|Any CPU.ActiveCfg = Debug|Any CPU
		{C444818F-4D28-4AF0-9DEB-12836FF684D0}.Debug|Any CPU.Build.0 = Debug|Any CPU
		{C444818F-4D28-4AF0-9DEB-12836FF684D0}.Release|Any CPU.ActiveCfg = Release|Any CPU
		{C444818F-4D28-4AF0-9DEB-12836FF684D0}.Release|Any CPU.Build.0 = Release|Any CPU
	EndGlobalSection
	GlobalSection(NestedProjects) = preSolution
		{5DBD1C9C-44B1-4F52-A9FF-EB8B89D9E726} = {FD87EA73-7B48-4543-87E7-490A91980493}
		{CCB19181-1303-4CB0-B324-3965CE3C54B1} = {5DBD1C9C-44B1-4F52-A9FF-EB8B89D9E726}
		{726E2F99-FA1C-4D65-90BE-C2C572135B88} = {CCB19181-1303-4CB0-B324-3965CE3C54B1}
		{4D6D4CF8-4428-4A66-884B-D01007E61287} = {FD87EA73-7B48-4543-87E7-490A91980493}
		{62002733-287B-4459-9FD0-206F29CE8561} = {4D6D4CF8-4428-4A66-884B-D01007E61287}
		{BDA37E8D-B619-4BE1-B820-A10236A32545} = {62002733-287B-4459-9FD0-206F29CE8561}
		{BB020D16-7117-4788-B437-3A67417F0CC4} = {FD87EA73-7B48-4543-87E7-490A91980493}
		{DD0E313D-5EF5-4E13-8275-6C082B681759} = {BB020D16-7117-4788-B437-3A67417F0CC4}
		{45A616AB-7F71-4730-BE53-A1CB46CBB4F6} = {DD0E313D-5EF5-4E13-8275-6C082B681759}
		{3F0D5D3D-F275-4EC3-97EC-C6538893C4F0} = {5DBD1C9C-44B1-4F52-A9FF-EB8B89D9E726}
		{84B018C6-4122-47BE-8FE9-EFC4C54D0E48} = {3F0D5D3D-F275-4EC3-97EC-C6538893C4F0}
		{C6F4E62D-0D63-40B5-98D1-BBBE08A341EB} = {5DBD1C9C-44B1-4F52-A9FF-EB8B89D9E726}
		{3EEB4100-F87D-40AE-B097-A2CBA7C8D3AA} = {C6F4E62D-0D63-40B5-98D1-BBBE08A341EB}
		{F51BD827-01F1-4938-BF3E-96B92D70E095} = {5DBD1C9C-44B1-4F52-A9FF-EB8B89D9E726}
		{9B4D282A-6957-4060-8119-05B131A01FBD} = {F51BD827-01F1-4938-BF3E-96B92D70E095}
		{70881F2A-0808-41B2-8D25-A49C1B287EBE} = {5DBD1C9C-44B1-4F52-A9FF-EB8B89D9E726}
		{B8297BB7-346B-419F-BE7D-1FA60C6F82CB} = {70881F2A-0808-41B2-8D25-A49C1B287EBE}
		{4F54F9FB-9BDD-41F3-9A82-D1C4482A616A} = {5DBD1C9C-44B1-4F52-A9FF-EB8B89D9E726}
		{41DFABDF-EA23-4B81-9A18-218761DE3F15} = {4F54F9FB-9BDD-41F3-9A82-D1C4482A616A}
		{C444818F-4D28-4AF0-9DEB-12836FF684D0} = {DD0E313D-5EF5-4E13-8275-6C082B681759}
	EndGlobalSection
EndGlobal
